{
  "object": {
    "pins": [
      {
        "package": "URLImage",
        "repositoryURL": "https://github.com/dmytro-anokhin/url-image.git",
        "state": {
          "branch": null,
          "revision": "6ffdb5b4f865c7104711338668ab1e215a95d805",
          "version": "0.9.5"
        }
      }
    ]
  },
  "version": 1
}
