{
  "object": {
    "pins": [
      {
        "package": "URLImage",
        "repositoryURL": "https://github.com/dmytro-anokhin/url-image.git",
        "state": {
          "branch": null,
          "revision": "c4f170b8f6e47d28eee2d86cebe156c16bd76057",
          "version": "0.9.3"
        }
      }
    ]
  },
  "version": 1
}
